
Microsoft Visual Studio Solution File, Format Version 12.00
# Visual Studio Version 17
VisualStudioVersion = 17.1.32407.343
MinimumVisualStudioVersion = 10.0.40219.1
Project("{FAE04EC0-301F-11D3-BF4B-00C04F79EFBC}") = "TrainTickets", "TrainTickets\TrainTickets.csproj", "{18BB9E81-0836-46E0-A1A9-080D70152B58}"
EndProject
Global
	GlobalSection(SolutionConfigurationPlatforms) = preSolution
		Debug|Any CPU = Debug|Any CPU
		Release|Any CPU = Release|Any CPU
	EndGlobalSection
	GlobalSection(ProjectConfigurationPlatforms) = postSolution
		{18BB9E81-0836-46E0-A1A9-080D70152B58}.Debug|Any CPU.ActiveCfg = Debug|Any CPU
		{18BB9E81-0836-46E0-A1A9-080D70152B58}.Debug|Any CPU.Build.0 = Debug|Any CPU
		{18BB9E81-0836-46E0-A1A9-080D70152B58}.Release|Any CPU.ActiveCfg = Release|Any CPU
		{18BB9E81-0836-46E0-A1A9-080D70152B58}.Release|Any CPU.Build.0 = Release|Any CPU
	EndGlobalSection
	GlobalSection(SolutionProperties) = preSolution
		HideSolutionNode = FALSE
	EndGlobalSection
	GlobalSection(ExtensibilityGlobals) = postSolution
		SolutionGuid = {4FFE7A86-1825-41ED-AB77-BA3C99FCBD25}
	EndGlobalSection
EndGlobal
